
Microsoft Visual Studio Solution File, Format Version 12.00
# Visual Studio Version 17
VisualStudioVersion = 17.11.35303.130
MinimumVisualStudioVersion = 10.0.40219.1
Project("{9A19103F-16F7-4668-BE54-9A1E7A4F7556}") = "MapMaker", "MapMaker.csproj", "{B847F714-6BA5-4B70-87DD-9025B1E1339A}"
EndProject
Global
	GlobalSection(SolutionConfigurationPlatforms) = preSolution
		Debug|Any CPU = Debug|Any CPU
		Release|Any CPU = Release|Any CPU
	EndGlobalSection
	GlobalSection(ProjectConfigurationPlatforms) = postSolution
		{B847F714-6BA5-4B70-87DD-9025B1E1339A}.Debug|Any CPU.ActiveCfg = Debug|Any CPU
		{B847F714-6BA5-4B70-87DD-9025B1E1339A}.Debug|Any CPU.Build.0 = Debug|Any CPU
		{B847F714-6BA5-4B70-87DD-9025B1E1339A}.Release|Any CPU.ActiveCfg = DBG_DoNotRunBuildScript|Any CPU
		{B847F714-6BA5-4B70-87DD-9025B1E1339A}.Release|Any CPU.Build.0 = DBG_DoNotRunBuildScript|Any CPU
	EndGlobalSection
	GlobalSection(SolutionProperties) = preSolution
		HideSolutionNode = FALSE
	EndGlobalSection
	GlobalSection(ExtensibilityGlobals) = postSolution
		SolutionGuid = {5FFF7B01-8ED7-48B6-BA4F-46664097A4E7}
	EndGlobalSection
EndGlobal
